// !$*UTF8*$!
{
	archiveVersion = 1;
	classes = {
	};
	objectVersion = 46;
	objects = {

/* Begin PBXBuildFile section */
		36715E9F1EA57CCA00DA0E73 /* AppDelegate.swift in Sources */ = {isa = PBXBuildFile; fileRef = 36715E9E1EA57CCA00DA0E73 /* AppDelegate.swift */; };
		36715EA11EA57CCA00DA0E73 /* ViewController.swift in Sources */ = {isa = PBXBuildFile; fileRef = 36715EA01EA57CCA00DA0E73 /* ViewController.swift */; };
		36715EA41EA57CCA00DA0E73 /* Main.storyboard in Resources */ = {isa = PBXBuildFile; fileRef = 36715EA21EA57CCA00DA0E73 /* Main.storyboard */; };
		36715EA71EA57CCA00DA0E73 /* YouTubeMusicPlayer.xcdatamodeld in Sources */ = {isa = PBXBuildFile; fileRef = 36715EA51EA57CCA00DA0E73 /* YouTubeMusicPlayer.xcdatamodeld */; };
		36715EA91EA57CCA00DA0E73 /* Assets.xcassets in Resources */ = {isa = PBXBuildFile; fileRef = 36715EA81EA57CCA00DA0E73 /* Assets.xcassets */; };
		36715EAC1EA57CCA00DA0E73 /* LaunchScreen.storyboard in Resources */ = {isa = PBXBuildFile; fileRef = 36715EAA1EA57CCA00DA0E73 /* LaunchScreen.storyboard */; };
		36715EB41EA6F07700DA0E73 /* DetailViewController.swift in Sources */ = {isa = PBXBuildFile; fileRef = 36715EB31EA6F07700DA0E73 /* DetailViewController.swift */; };
		36715EB61EA805FF00DA0E73 /* YTPlayerView-iframe-player.html in Resources */ = {isa = PBXBuildFile; fileRef = 36715EB51EA805FF00DA0E73 /* YTPlayerView-iframe-player.html */; };
		36715EB81EABF2D300DA0E73 /* TableViewController.swift in Sources */ = {isa = PBXBuildFile; fileRef = 36715EB71EABF2D300DA0E73 /* TableViewController.swift */; };
		36715EBC1EAC447900DA0E73 /* TableViewCell.swift in Sources */ = {isa = PBXBuildFile; fileRef = 36715EBB1EAC447900DA0E73 /* TableViewCell.swift */; };
		7CCACDF298D93CE6E24F75DF /* Pods_YouTubeMusicPlayer.framework in Frameworks */ = {isa = PBXBuildFile; fileRef = F89C5AD108D28D02A17CD4B6 /* Pods_YouTubeMusicPlayer.framework */; };
/* End PBXBuildFile section */

/* Begin PBXFileReference section */
		36715E9B1EA57CCA00DA0E73 /* YouTubeMusicPlayer.app */ = {isa = PBXFileReference; explicitFileType = wrapper.application; includeInIndex = 0; path = YouTubeMusicPlayer.app; sourceTree = BUILT_PRODUCTS_DIR; };
		36715E9E1EA57CCA00DA0E73 /* AppDelegate.swift */ = {isa = PBXFileReference; lastKnownFileType = sourcecode.swift; path = AppDelegate.swift; sourceTree = "<group>"; };
		36715EA01EA57CCA00DA0E73 /* ViewController.swift */ = {isa = PBXFileReference; lastKnownFileType = sourcecode.swift; path = ViewController.swift; sourceTree = "<group>"; };
		36715EA31EA57CCA00DA0E73 /* Base */ = {isa = PBXFileReference; lastKnownFileType = file.storyboard; name = Base; path = Base.lproj/Main.storyboard; sourceTree = "<group>"; };
		36715EA61EA57CCA00DA0E73 /* YouTubeMusicPlayer.xcdatamodel */ = {isa = PBXFileReference; lastKnownFileType = wrapper.xcdatamodel; path = YouTubeMusicPlayer.xcdatamodel; sourceTree = "<group>"; };
		36715EA81EA57CCA00DA0E73 /* Assets.xcassets */ = {isa = PBXFileReference; lastKnownFileType = folder.assetcatalog; path = Assets.xcassets; sourceTree = "<group>"; };
		36715EAB1EA57CCA00DA0E73 /* Base */ = {isa = PBXFileReference; lastKnownFileType = file.storyboard; name = Base; path = Base.lproj/LaunchScreen.storyboard; sourceTree = "<group>"; };
		36715EAD1EA57CCA00DA0E73 /* Info.plist */ = {isa = PBXFileReference; lastKnownFileType = text.plist.xml; path = Info.plist; sourceTree = "<group>"; };
		36715EB31EA6F07700DA0E73 /* DetailViewController.swift */ = {isa = PBXFileReference; fileEncoding = 4; lastKnownFileType = sourcecode.swift; path = DetailViewController.swift; sourceTree = "<group>"; };
		36715EB51EA805FF00DA0E73 /* YTPlayerView-iframe-player.html */ = {isa = PBXFileReference; fileEncoding = 4; lastKnownFileType = text.html; name = "YTPlayerView-iframe-player.html"; path = "Pods/youtube-ios-player-helper/youtube-ios-player-helper/Assets.bundle/Assets/YTPlayerView-iframe-player.html"; sourceTree = "<group>"; };
		36715EB71EABF2D300DA0E73 /* TableViewController.swift */ = {isa = PBXFileReference; fileEncoding = 4; lastKnownFileType = sourcecode.swift; path = TableViewController.swift; sourceTree = "<group>"; };
		36715EBB1EAC447900DA0E73 /* TableViewCell.swift */ = {isa = PBXFileReference; fileEncoding = 4; lastKnownFileType = sourcecode.swift; path = TableViewCell.swift; sourceTree = "<group>"; };
		382CD53E5519A9D3ADA920A1 /* Pods-YouTubeMusicPlayer.release.xcconfig */ = {isa = PBXFileReference; includeInIndex = 1; lastKnownFileType = text.xcconfig; name = "Pods-YouTubeMusicPlayer.release.xcconfig"; path = "Pods/Target Support Files/Pods-YouTubeMusicPlayer/Pods-YouTubeMusicPlayer.release.xcconfig"; sourceTree = "<group>"; };
		657FCA30A9972307E1052D17 /* Pods-YouTubeMusicPlayer.debug.xcconfig */ = {isa = PBXFileReference; includeInIndex = 1; lastKnownFileType = text.xcconfig; name = "Pods-YouTubeMusicPlayer.debug.xcconfig"; path = "Pods/Target Support Files/Pods-YouTubeMusicPlayer/Pods-YouTubeMusicPlayer.debug.xcconfig"; sourceTree = "<group>"; };
		F89C5AD108D28D02A17CD4B6 /* Pods_YouTubeMusicPlayer.framework */ = {isa = PBXFileReference; explicitFileType = wrapper.framework; includeInIndex = 0; path = Pods_YouTubeMusicPlayer.framework; sourceTree = BUILT_PRODUCTS_DIR; };
/* End PBXFileReference section */

/* Begin PBXFrameworksBuildPhase section */
		36715E981EA57CCA00DA0E73 /* Frameworks */ = {
			isa = PBXFrameworksBuildPhase;
			buildActionMask = 2147483647;
			files = (
				7CCACDF298D93CE6E24F75DF /* Pods_YouTubeMusicPlayer.framework in Frameworks */,
			);
			runOnlyForDeploymentPostprocessing = 0;
		};
/* End PBXFrameworksBuildPhase section */

/* Begin PBXGroup section */
		36715E921EA57CCA00DA0E73 = {
			isa = PBXGroup;
			children = (
				36715EB51EA805FF00DA0E73 /* YTPlayerView-iframe-player.html */,
				36715E9D1EA57CCA00DA0E73 /* YouTubeMusicPlayer */,
				36715E9C1EA57CCA00DA0E73 /* Products */,
				AE59BFB36CAEF7472D5A2915 /* Pods */,
				CCADB7030C1B3223C4363137 /* Frameworks */,
			);
			sourceTree = "<group>";
		};
		36715E9C1EA57CCA00DA0E73 /* Products */ = {
			isa = PBXGroup;
			children = (
				36715E9B1EA57CCA00DA0E73 /* YouTubeMusicPlayer.app */,
			);
			name = Products;
			sourceTree = "<group>";
		};
		36715E9D1EA57CCA00DA0E73 /* YouTubeMusicPlayer */ = {
			isa = PBXGroup;
			children = (
				36715E9E1EA57CCA00DA0E73 /* AppDelegate.swift */,
				36715EA01EA57CCA00DA0E73 /* ViewController.swift */,
				36715EB71EABF2D300DA0E73 /* TableViewController.swift */,
				36715EBB1EAC447900DA0E73 /* TableViewCell.swift */,
				36715EA21EA57CCA00DA0E73 /* Main.storyboard */,
				36715EB31EA6F07700DA0E73 /* DetailViewController.swift */,
				36715EA81EA57CCA00DA0E73 /* Assets.xcassets */,
				36715EAA1EA57CCA00DA0E73 /* LaunchScreen.storyboard */,
				36715EAD1EA57CCA00DA0E73 /* Info.plist */,
				36715EA51EA57CCA00DA0E73 /* YouTubeMusicPlayer.xcdatamodeld */,
			);
			path = YouTubeMusicPlayer;
			sourceTree = "<group>";
		};
		AE59BFB36CAEF7472D5A2915 /* Pods */ = {
			isa = PBXGroup;
			children = (
				657FCA30A9972307E1052D17 /* Pods-YouTubeMusicPlayer.debug.xcconfig */,
				382CD53E5519A9D3ADA920A1 /* Pods-YouTubeMusicPlayer.release.xcconfig */,
			);
			name = Pods;
			sourceTree = "<group>";
		};
		CCADB7030C1B3223C4363137 /* Frameworks */ = {
			isa = PBXGroup;
			children = (
				F89C5AD108D28D02A17CD4B6 /* Pods_YouTubeMusicPlayer.framework */,
			);
			name = Frameworks;
			sourceTree = "<group>";
		};
/* End PBXGroup section */

/* Begin PBXNativeTarget section */
		36715E9A1EA57CCA00DA0E73 /* YouTubeMusicPlayer */ = {
			isa = PBXNativeTarget;
			buildConfigurationList = 36715EB01EA57CCA00DA0E73 /* Build configuration list for PBXNativeTarget "YouTubeMusicPlayer" */;
			buildPhases = (
				62329B0EAF9FE4EF11101B49 /* [CP] Check Pods Manifest.lock */,
				36715E971EA57CCA00DA0E73 /* Sources */,
				36715E981EA57CCA00DA0E73 /* Frameworks */,
				36715E991EA57CCA00DA0E73 /* Resources */,
				2ED416C59515A4C31BEC6439 /* [CP] Embed Pods Frameworks */,
				65CC5CD8A163AF1384820136 /* [CP] Copy Pods Resources */,
			);
			buildRules = (
			);
			dependencies = (
			);
			name = YouTubeMusicPlayer;
			productName = YouTubeMusicPlayer;
			productReference = 36715E9B1EA57CCA00DA0E73 /* YouTubeMusicPlayer.app */;
			productType = "com.apple.product-type.application";
		};
/* End PBXNativeTarget section */

/* Begin PBXProject section */
		36715E931EA57CCA00DA0E73 /* Project object */ = {
			isa = PBXProject;
			attributes = {
				LastSwiftUpdateCheck = 0800;
				LastUpgradeCheck = 0800;
				ORGANIZATIONNAME = "Sriram Motheram";
				TargetAttributes = {
					36715E9A1EA57CCA00DA0E73 = {
						CreatedOnToolsVersion = 8.0;
						ProvisioningStyle = Automatic;
					};
				};
			};
			buildConfigurationList = 36715E961EA57CCA00DA0E73 /* Build configuration list for PBXProject "YouTubeMusicPlayer" */;
			compatibilityVersion = "Xcode 3.2";
			developmentRegion = English;
			hasScannedForEncodings = 0;
			knownRegions = (
				en,
				Base,
			);
			mainGroup = 36715E921EA57CCA00DA0E73;
			productRefGroup = 36715E9C1EA57CCA00DA0E73 /* Products */;
			projectDirPath = "";
			projectRoot = "";
			targets = (
				36715E9A1EA57CCA00DA0E73 /* YouTubeMusicPlayer */,
			);
		};
/* End PBXProject section */

/* Begin PBXResourcesBuildPhase section */
		36715E991EA57CCA00DA0E73 /* Resources */ = {
			isa = PBXResourcesBuildPhase;
			buildActionMask = 2147483647;
			files = (
				36715EAC1EA57CCA00DA0E73 /* LaunchScreen.storyboard in Resources */,
				36715EA91EA57CCA00DA0E73 /* Assets.xcassets in Resources */,
				36715EB61EA805FF00DA0E73 /* YTPlayerView-iframe-player.html in Resources */,
				36715EA41EA57CCA00DA0E73 /* Main.storyboard in Resources */,
			);
			runOnlyForDeploymentPostprocessing = 0;
		};
/* End PBXResourcesBuildPhase section */

/* Begin PBXShellScriptBuildPhase section */
		2ED416C59515A4C31BEC6439 /* [CP] Embed Pods Frameworks */ = {
			isa = PBXShellScriptBuildPhase;
			buildActionMask = 2147483647;
			files = (
			);
			inputPaths = (
			);
			name = "[CP] Embed Pods Frameworks";
			outputPaths = (
			);
			runOnlyForDeploymentPostprocessing = 0;
			shellPath = /bin/sh;
			shellScript = "\"${SRCROOT}/Pods/Target Support Files/Pods-YouTubeMusicPlayer/Pods-YouTubeMusicPlayer-frameworks.sh\"\n";
			showEnvVarsInLog = 0;
		};
		62329B0EAF9FE4EF11101B49 /* [CP] Check Pods Manifest.lock */ = {
			isa = PBXShellScriptBuildPhase;
			buildActionMask = 2147483647;
			files = (
			);
			inputPaths = (
			);
			name = "[CP] Check Pods Manifest.lock";
			outputPaths = (
			);
			runOnlyForDeploymentPostprocessing = 0;
			shellPath = /bin/sh;
			shellScript = "diff \"${PODS_PODFILE_DIR_PATH}/Podfile.lock\" \"${PODS_ROOT}/Manifest.lock\" > /dev/null\nif [ $? != 0 ] ; then\n    # print error to STDERR\n    echo \"error: The sandbox is not in sync with the Podfile.lock. Run 'pod install' or update your CocoaPods installation.\" >&2\n    exit 1\nfi\n";
			showEnvVarsInLog = 0;
		};
		65CC5CD8A163AF1384820136 /* [CP] Copy Pods Resources */ = {
			isa = PBXShellScriptBuildPhase;
			buildActionMask = 2147483647;
			files = (
			);
			inputPaths = (
			);
			name = "[CP] Copy Pods Resources";
			outputPaths = (
			);
			runOnlyForDeploymentPostprocessing = 0;
			shellPath = /bin/sh;
			shellScript = "\"${SRCROOT}/Pods/Target Support Files/Pods-YouTubeMusicPlayer/Pods-YouTubeMusicPlayer-resources.sh\"\n";
			showEnvVarsInLog = 0;
		};
/* End PBXShellScriptBuildPhase section */

/* Begin PBXSourcesBuildPhase section */
		36715E971EA57CCA00DA0E73 /* Sources */ = {
			isa = PBXSourcesBuildPhase;
			buildActionMask = 2147483647;
			files = (
				36715EA11EA57CCA00DA0E73 /* ViewController.swift in Sources */,
				36715EA71EA57CCA00DA0E73 /* YouTubeMusicPlayer.xcdatamodeld in Sources */,
				36715E9F1EA57CCA00DA0E73 /* AppDelegate.swift in Sources */,
				36715EBC1EAC447900DA0E73 /* TableViewCell.swift in Sources */,
				36715EB81EABF2D300DA0E73 /* TableViewController.swift in Sources */,
				36715EB41EA6F07700DA0E73 /* DetailViewController.swift in Sources */,
			);
			runOnlyForDeploymentPostprocessing = 0;
		};
/* End PBXSourcesBuildPhase section */

/* Begin PBXVariantGroup section */
		36715EA21EA57CCA00DA0E73 /* Main.storyboard */ = {
			isa = PBXVariantGroup;
			children = (
				36715EA31EA57CCA00DA0E73 /* Base */,
			);
			name = Main.storyboard;
			sourceTree = "<group>";
		};
		36715EAA1EA57CCA00DA0E73 /* LaunchScreen.storyboard */ = {
			isa = PBXVariantGroup;
			children = (
				36715EAB1EA57CCA00DA0E73 /* Base */,
			);
			name = LaunchScreen.storyboard;
			sourceTree = "<group>";
		};
/* End PBXVariantGroup section */

/* Begin XCBuildConfiguration section */
		36715EAE1EA57CCA00DA0E73 /* Debug */ = {
			isa = XCBuildConfiguration;
			buildSettings = {
				ALWAYS_SEARCH_USER_PATHS = NO;
				CLANG_ANALYZER_NONNULL = YES;
				CLANG_CXX_LANGUAGE_STANDARD = "gnu++0x";
				CLANG_CXX_LIBRARY = "libc++";
				CLANG_ENABLE_MODULES = YES;
				CLANG_ENABLE_OBJC_ARC = YES;
				CLANG_WARN_BOOL_CONVERSION = YES;
				CLANG_WARN_CONSTANT_CONVERSION = YES;
				CLANG_WARN_DIRECT_OBJC_ISA_USAGE = YES_ERROR;
				CLANG_WARN_DOCUMENTATION_COMMENTS = YES;
				CLANG_WARN_EMPTY_BODY = YES;
				CLANG_WARN_ENUM_CONVERSION = YES;
				CLANG_WARN_INFINITE_RECURSION = YES;
				CLANG_WARN_INT_CONVERSION = YES;
				CLANG_WARN_OBJC_ROOT_CLASS = YES_ERROR;
				CLANG_WARN_SUSPICIOUS_MOVES = YES;
				CLANG_WARN_UNREACHABLE_CODE = YES;
				CLANG_WARN__DUPLICATE_METHOD_MATCH = YES;
				"CODE_SIGN_IDENTITY[sdk=iphoneos*]" = "iPhone Developer";
				COPY_PHASE_STRIP = NO;
				DEBUG_INFORMATION_FORMAT = dwarf;
				ENABLE_STRICT_OBJC_MSGSEND = YES;
				ENABLE_TESTABILITY = YES;
				GCC_C_LANGUAGE_STANDARD = gnu99;
				GCC_DYNAMIC_NO_PIC = NO;
				GCC_NO_COMMON_BLOCKS = YES;
				GCC_OPTIMIZATION_LEVEL = 0;
				GCC_PREPROCESSOR_DEFINITIONS = (
					"DEBUG=1",
					"$(inherited)",
				);
				GCC_WARN_64_TO_32_BIT_CONVERSION = YES;
				GCC_WARN_ABOUT_RETURN_TYPE = YES_ERROR;
				GCC_WARN_UNDECLARED_SELECTOR = YES;
				GCC_WARN_UNINITIALIZED_AUTOS = YES_AGGRESSIVE;
				GCC_WARN_UNUSED_FUNCTION = YES;
				GCC_WARN_UNUSED_VARIABLE = YES;
				IPHONEOS_DEPLOYMENT_TARGET = 10.0;
				MTL_ENABLE_DEBUG_INFO = YES;
				ONLY_ACTIVE_ARCH = YES;
				SDKROOT = iphoneos;
				SWIFT_ACTIVE_COMPILATION_CONDITIONS = DEBUG;
				SWIFT_OPTIMIZATION_LEVEL = "-Onone";
				TARGETED_DEVICE_FAMILY = "1,2";
			};
			name = Debug;
		};
		36715EAF1EA57CCA00DA0E73 /* Release */ = {
			isa = XCBuildConfiguration;
			buildSettings = {
				ALWAYS_SEARCH_USER_PATHS = NO;
				CLANG_ANALYZER_NONNULL = YES;
				CLANG_CXX_LANGUAGE_STANDARD = "gnu++0x";
				CLANG_CXX_LIBRARY = "libc++";
				CLANG_ENABLE_MODULES = YES;
				CLANG_ENABLE_OBJC_ARC = YES;
				CLANG_WARN_BOOL_CONVERSION = YES;
				CLANG_WARN_CONSTANT_CONVERSION = YES;
				CLANG_WARN_DIRECT_OBJC_ISA_USAGE = YES_ERROR;
				CLANG_WARN_DOCUMENTATION_COMMENTS = YES;
				CLANG_WARN_EMPTY_BODY = YES;
				CLANG_WARN_ENUM_CONVERSION = YES;
				CLANG_WARN_INFINITE_RECURSION = YES;
				CLANG_WARN_INT_CONVERSION = YES;
				CLANG_WARN_OBJC_ROOT_CLASS = YES_ERROR;
				CLANG_WARN_SUSPICIOUS_MOVES = YES;
				CLANG_WARN_UNREACHABLE_CODE = YES;
				CLANG_WARN__DUPLICATE_METHOD_MATCH = YES;
				"CODE_SIGN_IDENTITY[sdk=iphoneos*]" = "iPhone Developer";
				COPY_PHASE_STRIP = NO;
				DEBUG_INFORMATION_FORMAT = "dwarf-with-dsym";
				ENABLE_NS_ASSERTIONS = NO;
				ENABLE_STRICT_OBJC_MSGSEND = YES;
				GCC_C_LANGUAGE_STANDARD = gnu99;
				GCC_NO_COMMON_BLOCKS = YES;
				GCC_WARN_64_TO_32_BIT_CONVERSION = YES;
				GCC_WARN_ABOUT_RETURN_TYPE = YES_ERROR;
				GCC_WARN_UNDECLARED_SELECTOR = YES;
				GCC_WARN_UNINITIALIZED_AUTOS = YES_AGGRESSIVE;
				GCC_WARN_UNUSED_FUNCTION = YES;
				GCC_WARN_UNUSED_VARIABLE = YES;
				IPHONEOS_DEPLOYMENT_TARGET = 10.0;
				MTL_ENABLE_DEBUG_INFO = NO;
				SDKROOT = iphoneos;
				SWIFT_OPTIMIZATION_LEVEL = "-Owholemodule";
				TARGETED_DEVICE_FAMILY = "1,2";
				VALIDATE_PRODUCT = YES;
			};
			name = Release;
		};
		36715EB11EA57CCA00DA0E73 /* Debug */ = {
			isa = XCBuildConfiguration;
			baseConfigurationReference = 657FCA30A9972307E1052D17 /* Pods-YouTubeMusicPlayer.debug.xcconfig */;
			buildSettings = {
				ASSETCATALOG_COMPILER_APPICON_NAME = AppIcon;
				INFOPLIST_FILE = YouTubeMusicPlayer/Info.plist;
				LD_RUNPATH_SEARCH_PATHS = "$(inherited) @executable_path/Frameworks";
				PRODUCT_BUNDLE_IDENTIFIER = srirammotheram.com.YouTubeMusicPlayer;
				PRODUCT_NAME = "$(TARGET_NAME)";
				SWIFT_VERSION = 3.0;
			};
			name = Debug;
		};
		36715EB21EA57CCA00DA0E73 /* Release */ = {
			isa = XCBuildConfiguration;
			baseConfigurationReference = 382CD53E5519A9D3ADA920A1 /* Pods-YouTubeMusicPlayer.release.xcconfig */;
			buildSettings = {
				ASSETCATALOG_COMPILER_APPICON_NAME = AppIcon;
				INFOPLIST_FILE = YouTubeMusicPlayer/Info.plist;
				LD_RUNPATH_SEARCH_PATHS = "$(inherited) @executable_path/Frameworks";
				PRODUCT_BUNDLE_IDENTIFIER = srirammotheram.com.YouTubeMusicPlayer;
				PRODUCT_NAME = "$(TARGET_NAME)";
				SWIFT_VERSION = 3.0;
			};
			name = Release;
		};
/* End XCBuildConfiguration section */

/* Begin XCConfigurationList section */
		36715E961EA57CCA00DA0E73 /* Build configuration list for PBXProject "YouTubeMusicPlayer" */ = {
			isa = XCConfigurationList;
			buildConfigurations = (
				36715EAE1EA57CCA00DA0E73 /* Debug */,
				36715EAF1EA57CCA00DA0E73 /* Release */,
			);
			defaultConfigurationIsVisible = 0;
			defaultConfigurationName = Release;
		};
		36715EB01EA57CCA00DA0E73 /* Build configuration list for PBXNativeTarget "YouTubeMusicPlayer" */ = {
			isa = XCConfigurationList;
			buildConfigurations = (
				36715EB11EA57CCA00DA0E73 /* Debug */,
				36715EB21EA57CCA00DA0E73 /* Release */,
			);
			defaultConfigurationIsVisible = 0;
			defaultConfigurationName = Release;
		};
/* End XCConfigurationList section */

/* Begin XCVersionGroup section */
		36715EA51EA57CCA00DA0E73 /* YouTubeMusicPlayer.xcdatamodeld */ = {
			isa = XCVersionGroup;
			children = (
				36715EA61EA57CCA00DA0E73 /* YouTubeMusicPlayer.xcdatamodel */,
			);
			currentVersion = 36715EA61EA57CCA00DA0E73 /* YouTubeMusicPlayer.xcdatamodel */;
			path = YouTubeMusicPlayer.xcdatamodeld;
			sourceTree = "<group>";
			versionGroupType = wrapper.xcdatamodel;
		};
/* End XCVersionGroup section */
	};
	rootObject = 36715E931EA57CCA00DA0E73 /* Project object */;
}
